Microsoft Visual Studio Solution File, Format Version 12.00
# Visual Studio Version 17
VisualStudioVersion = 17.5.2.0
MinimumVisualStudioVersion = 10.0.40219.1
Project("{FAE04EC0-301F-11D3-BF4B-00C04F79EFBC}") = "AguaMinami", "AguaMinami\AguaMinami.csproj", "{DAF82FC8-953D-2BDB-9EBC-247F7B5F159C}"
EndProject
Global
	GlobalSection(SolutionConfigurationPlatforms) = preSolution
		Debug|Any CPU = Debug|Any CPU
		Release|Any CPU = Release|Any CPU
	EndGlobalSection
	GlobalSection(ProjectConfigurationPlatforms) = postSolution
		{DAF82FC8-953D-2BDB-9EBC-247F7B5F159C}.Debug|Any CPU.ActiveCfg = Debug|Any CPU
		{DAF82FC8-953D-2BDB-9EBC-247F7B5F159C}.Debug|Any CPU.Build.0 = Debug|Any CPU
		{DAF82FC8-953D-2BDB-9EBC-247F7B5F159C}.Release|Any CPU.ActiveCfg = Release|Any CPU
		{DAF82FC8-953D-2BDB-9EBC-247F7B5F159C}.Release|Any CPU.Build.0 = Release|Any CPU
	EndGlobalSection
	GlobalSection(SolutionProperties) = preSolution
		HideSolutionNode = FALSE
	EndGlobalSection
	GlobalSection(ExtensibilityGlobals) = postSolution
		SolutionGuid = {01B98CFB-E77B-4476-A03B-69AFCBFC9462}
	EndGlobalSection
EndGlobal
